
Microsoft Visual Studio Solution File, Format Version 12.00
# Visual Studio Version 17
VisualStudioVersion = 17.10.35013.160
MinimumVisualStudioVersion = 10.0.40219.1
Project("{9A19103F-16F7-4668-BE54-9A1E7A4F7556}") = "WarlockMVC", "WarlockMVC\WarlockMVC.csproj", "{70CD2955-4235-415E-A5B3-45789CC51EA4}"
EndProject
Project("{FAE04EC0-301F-11D3-BF4B-00C04F79EFBC}") = "WarlockMVC-Razor", "WarlockMVC-Razor\WarlockMVC-Razor.csproj", "{44418F91-0419-47C7-8683-28D25DFBC57C}"
EndProject
Global
	GlobalSection(SolutionConfigurationPlatforms) = preSolution
		Debug|Any CPU = Debug|Any CPU
		Release|Any CPU = Release|Any CPU
	EndGlobalSection
	GlobalSection(ProjectConfigurationPlatforms) = postSolution
		{70CD2955-4235-415E-A5B3-45789CC51EA4}.Debug|Any CPU.ActiveCfg = Debug|Any CPU
		{70CD2955-4235-415E-A5B3-45789CC51EA4}.Debug|Any CPU.Build.0 = Debug|Any CPU
		{70CD2955-4235-415E-A5B3-45789CC51EA4}.Release|Any CPU.ActiveCfg = Release|Any CPU
		{70CD2955-4235-415E-A5B3-45789CC51EA4}.Release|Any CPU.Build.0 = Release|Any CPU
		{44418F91-0419-47C7-8683-28D25DFBC57C}.Debug|Any CPU.ActiveCfg = Debug|Any CPU
		{44418F91-0419-47C7-8683-28D25DFBC57C}.Debug|Any CPU.Build.0 = Debug|Any CPU
		{44418F91-0419-47C7-8683-28D25DFBC57C}.Release|Any CPU.ActiveCfg = Release|Any CPU
		{44418F91-0419-47C7-8683-28D25DFBC57C}.Release|Any CPU.Build.0 = Release|Any CPU
	EndGlobalSection
	GlobalSection(SolutionProperties) = preSolution
		HideSolutionNode = FALSE
	EndGlobalSection
	GlobalSection(ExtensibilityGlobals) = postSolution
		SolutionGuid = {C521BC69-A7B4-4304-AC1C-02755B1F5315}
	EndGlobalSection
EndGlobal
